
Microsoft Visual Studio Solution File, Format Version 12.00
# Visual Studio Version 17
VisualStudioVersion = 17.5.33627.172
MinimumVisualStudioVersion = 10.0.40219.1
Project("{FAE04EC0-301F-11D3-BF4B-00C04F79EFBC}") = "Lab11XamarinOpe.Android", "Lab11XamarinOpe\Lab11XamarinOpe.Android\Lab11XamarinOpe.Android.csproj", "{2E712FB4-90EF-439C-B563-EF1EB550FF5A}"
EndProject
Project("{FAE04EC0-301F-11D3-BF4B-00C04F79EFBC}") = "Lab11XamarinOpe.iOS", "Lab11XamarinOpe\Lab11XamarinOpe.iOS\Lab11XamarinOpe.iOS.csproj", "{7652FE99-B6A8-4388-9680-8BED9BFDBC79}"
EndProject
Project("{FAE04EC0-301F-11D3-BF4B-00C04F79EFBC}") = "Lab11XamarinOpe", "Lab11XamarinOpe\Lab11XamarinOpe\Lab11XamarinOpe.csproj", "{4692334E-6E72-4FDC-9D2D-60060A515B68}"
EndProject
Global
	GlobalSection(SolutionConfigurationPlatforms) = preSolution
		Debug|Any CPU = Debug|Any CPU
		Debug|iPhone = Debug|iPhone
		Debug|iPhoneSimulator = Debug|iPhoneSimulator
		Release|Any CPU = Release|Any CPU
		Release|iPhone = Release|iPhone
		Release|iPhoneSimulator = Release|iPhoneSimulator
	EndGlobalSection
	GlobalSection(ProjectConfigurationPlatforms) = postSolution
		{2E712FB4-90EF-439C-B563-EF1EB550FF5A}.Debug|Any CPU.ActiveCfg = Debug|Any CPU
		{2E712FB4-90EF-439C-B563-EF1EB550FF5A}.Debug|Any CPU.Build.0 = Debug|Any CPU
		{2E712FB4-90EF-439C-B563-EF1EB550FF5A}.Debug|Any CPU.Deploy.0 = Debug|Any CPU
		{2E712FB4-90EF-439C-B563-EF1EB550FF5A}.Debug|iPhone.ActiveCfg = Debug|Any CPU
		{2E712FB4-90EF-439C-B563-EF1EB550FF5A}.Debug|iPhone.Build.0 = Debug|Any CPU
		{2E712FB4-90EF-439C-B563-EF1EB550FF5A}.Debug|iPhone.Deploy.0 = Debug|Any CPU
		{2E712FB4-90EF-439C-B563-EF1EB550FF5A}.Debug|iPhoneSimulator.ActiveCfg = Debug|Any CPU
		{2E712FB4-90EF-439C-B563-EF1EB550FF5A}.Debug|iPhoneSimulator.Build.0 = Debug|Any CPU
		{2E712FB4-90EF-439C-B563-EF1EB550FF5A}.Debug|iPhoneSimulator.Deploy.0 = Debug|Any CPU
		{2E712FB4-90EF-439C-B563-EF1EB550FF5A}.Release|Any CPU.ActiveCfg = Release|Any CPU
		{2E712FB4-90EF-439C-B563-EF1EB550FF5A}.Release|Any CPU.Build.0 = Release|Any CPU
		{2E712FB4-90EF-439C-B563-EF1EB550FF5A}.Release|Any CPU.Deploy.0 = Release|Any CPU
		{2E712FB4-90EF-439C-B563-EF1EB550FF5A}.Release|iPhone.ActiveCfg = Release|Any CPU
		{2E712FB4-90EF-439C-B563-EF1EB550FF5A}.Release|iPhone.Build.0 = Release|Any CPU
		{2E712FB4-90EF-439C-B563-EF1EB550FF5A}.Release|iPhone.Deploy.0 = Release|Any CPU
		{2E712FB4-90EF-439C-B563-EF1EB550FF5A}.Release|iPhoneSimulator.ActiveCfg = Release|Any CPU
		{2E712FB4-90EF-439C-B563-EF1EB550FF5A}.Release|iPhoneSimulator.Build.0 = Release|Any CPU
		{2E712FB4-90EF-439C-B563-EF1EB550FF5A}.Release|iPhoneSimulator.Deploy.0 = Release|Any CPU
		{7652FE99-B6A8-4388-9680-8BED9BFDBC79}.Debug|Any CPU.ActiveCfg = Debug|iPhone
		{7652FE99-B6A8-4388-9680-8BED9BFDBC79}.Debug|Any CPU.Build.0 = Debug|iPhone
		{7652FE99-B6A8-4388-9680-8BED9BFDBC79}.Debug|Any CPU.Deploy.0 = Debug|iPhone
		{7652FE99-B6A8-4388-9680-8BED9BFDBC79}.Debug|iPhone.ActiveCfg = Debug|iPhone
		{7652FE99-B6A8-4388-9680-8BED9BFDBC79}.Debug|iPhone.Build.0 = Debug|iPhone
		{7652FE99-B6A8-4388-9680-8BED9BFDBC79}.Debug|iPhone.Deploy.0 = Debug|iPhone
		{7652FE99-B6A8-4388-9680-8BED9BFDBC79}.Debug|iPhoneSimulator.ActiveCfg = Debug|iPhoneSimulator
		{7652FE99-B6A8-4388-9680-8BED9BFDBC79}.Debug|iPhoneSimulator.Build.0 = Debug|iPhoneSimulator
		{7652FE99-B6A8-4388-9680-8BED9BFDBC79}.Debug|iPhoneSimulator.Deploy.0 = Debug|iPhoneSimulator
		{7652FE99-B6A8-4388-9680-8BED9BFDBC79}.Release|Any CPU.ActiveCfg = Release|iPhoneSimulator
		{7652FE99-B6A8-4388-9680-8BED9BFDBC79}.Release|Any CPU.Build.0 = Release|iPhoneSimulator
		{7652FE99-B6A8-4388-9680-8BED9BFDBC79}.Release|Any CPU.Deploy.0 = Release|iPhoneSimulator
		{7652FE99-B6A8-4388-9680-8BED9BFDBC79}.Release|iPhone.ActiveCfg = Release|iPhone
		{7652FE99-B6A8-4388-9680-8BED9BFDBC79}.Release|iPhone.Build.0 = Release|iPhone
		{7652FE99-B6A8-4388-9680-8BED9BFDBC79}.Release|iPhone.Deploy.0 = Release|iPhone
		{7652FE99-B6A8-4388-9680-8BED9BFDBC79}.Release|iPhoneSimulator.ActiveCfg = Release|iPhoneSimulator
		{7652FE99-B6A8-4388-9680-8BED9BFDBC79}.Release|iPhoneSimulator.Build.0 = Release|iPhoneSimulator
		{7652FE99-B6A8-4388-9680-8BED9BFDBC79}.Release|iPhoneSimulator.Deploy.0 = Release|iPhoneSimulator
		{4692334E-6E72-4FDC-9D2D-60060A515B68}.Debug|Any CPU.ActiveCfg = Debug|Any CPU
		{4692334E-6E72-4FDC-9D2D-60060A515B68}.Debug|Any CPU.Build.0 = Debug|Any CPU
		{4692334E-6E72-4FDC-9D2D-60060A515B68}.Debug|Any CPU.Deploy.0 = Debug|Any CPU
		{4692334E-6E72-4FDC-9D2D-60060A515B68}.Debug|iPhone.ActiveCfg = Debug|Any CPU
		{4692334E-6E72-4FDC-9D2D-60060A515B68}.Debug|iPhone.Build.0 = Debug|Any CPU
		{4692334E-6E72-4FDC-9D2D-60060A515B68}.Debug|iPhone.Deploy.0 = Debug|Any CPU
		{4692334E-6E72-4FDC-9D2D-60060A515B68}.Debug|iPhoneSimulator.ActiveCfg = Debug|Any CPU
		{4692334E-6E72-4FDC-9D2D-60060A515B68}.Debug|iPhoneSimulator.Build.0 = Debug|Any CPU
		{4692334E-6E72-4FDC-9D2D-60060A515B68}.Debug|iPhoneSimulator.Deploy.0 = Debug|Any CPU
		{4692334E-6E72-4FDC-9D2D-60060A515B68}.Release|Any CPU.ActiveCfg = Release|Any CPU
		{4692334E-6E72-4FDC-9D2D-60060A515B68}.Release|Any CPU.Build.0 = Release|Any CPU
		{4692334E-6E72-4FDC-9D2D-60060A515B68}.Release|Any CPU.Deploy.0 = Release|Any CPU
		{4692334E-6E72-4FDC-9D2D-60060A515B68}.Release|iPhone.ActiveCfg = Release|Any CPU
		{4692334E-6E72-4FDC-9D2D-60060A515B68}.Release|iPhone.Build.0 = Release|Any CPU
		{4692334E-6E72-4FDC-9D2D-60060A515B68}.Release|iPhone.Deploy.0 = Release|Any CPU
		{4692334E-6E72-4FDC-9D2D-60060A515B68}.Release|iPhoneSimulator.ActiveCfg = Release|Any CPU
		{4692334E-6E72-4FDC-9D2D-60060A515B68}.Release|iPhoneSimulator.Build.0 = Release|Any CPU
		{4692334E-6E72-4FDC-9D2D-60060A515B68}.Release|iPhoneSimulator.Deploy.0 = Release|Any CPU
	EndGlobalSection
	GlobalSection(SolutionProperties) = preSolution
		HideSolutionNode = FALSE
	EndGlobalSection
	GlobalSection(ExtensibilityGlobals) = postSolution
		SolutionGuid = {B0AAD353-0EB5-4D96-93ED-C65202FFCBAB}
	EndGlobalSection
EndGlobal
